
Microsoft Visual Studio Solution File, Format Version 12.00
# Visual Studio Version 16
VisualStudioVersion = 16.0.35229.62
MinimumVisualStudioVersion = 10.0.40219.1
Project("{FAE04EC0-301F-11D3-BF4B-00C04F79EFBC}") = "TechFix", "login\TechFix.csproj", "{66D544FB-76B3-481B-83F9-A086BAD116CA}"
EndProject
Global
	GlobalSection(SolutionConfigurationPlatforms) = preSolution
		Debug|Any CPU = Debug|Any CPU
		Release|Any CPU = Release|Any CPU
	EndGlobalSection
	GlobalSection(ProjectConfigurationPlatforms) = postSolution
		{66D544FB-76B3-481B-83F9-A086BAD116CA}.Debug|Any CPU.ActiveCfg = Debug|Any CPU
		{66D544FB-76B3-481B-83F9-A086BAD116CA}.Debug|Any CPU.Build.0 = Debug|Any CPU
		{66D544FB-76B3-481B-83F9-A086BAD116CA}.Release|Any CPU.ActiveCfg = Release|Any CPU
		{66D544FB-76B3-481B-83F9-A086BAD116CA}.Release|Any CPU.Build.0 = Release|Any CPU
	EndGlobalSection
	GlobalSection(SolutionProperties) = preSolution
		HideSolutionNode = FALSE
	EndGlobalSection
	GlobalSection(ExtensibilityGlobals) = postSolution
		SolutionGuid = {C394B064-2310-4A21-8C0E-3B488467EFCB}
	EndGlobalSection
EndGlobal
